// !$*UTF8*$!
{
	archiveVersion = 1;
	classes = {
	};
	objectVersion = 46;
	objects = {

/* Begin PBXBuildFile section */
		DEC3C8441CCEC5930096181B /* handlebars-v3.0.3.js in Resources */ = {isa = PBXBuildFile; fileRef = DEC3C8361CCEC4C30096181B /* handlebars-v3.0.3.js */; };
		DEC3C8451CCEC5930096181B /* report.js in Resources */ = {isa = PBXBuildFile; fileRef = DEC3C8371CCEC4C30096181B /* report.js */; };
		DEC3C8461CCEC5930096181B /* report.template in Resources */ = {isa = PBXBuildFile; fileRef = DEC3C8381CCEC4C30096181B /* report.template */; };
/* End PBXBuildFile section */

/* Begin PBXFileReference section */
		DEC3C8341CCEC4BE0096181B /* Info.plist */ = {isa = PBXFileReference; lastKnownFileType = text.plist.xml; name = Info.plist; path = ../source/Info.plist; sourceTree = "<group>"; };
		DEC3C8361CCEC4C30096181B /* handlebars-v3.0.3.js */ = {isa = PBXFileReference; lastKnownFileType = sourcecode.javascript; path = "handlebars-v3.0.3.js"; sourceTree = "<group>"; };
		DEC3C8371CCEC4C30096181B /* report.js */ = {isa = PBXFileReference; lastKnownFileType = sourcecode.javascript; path = report.js; sourceTree = "<group>"; };
		DEC3C8381CCEC4C30096181B /* report.template */ = {isa = PBXFileReference; explicitFileType = text; path = report.template; sourceTree = "<group>"; };
		DEC3C83D1CCEC4D30096181B /* SQLEditorJSPlugin.bundle */ = {isa = PBXFileReference; explicitFileType = wrapper.cfbundle; includeInIndex = 0; path = SQLEditorJSPlugin.bundle; sourceTree = BUILT_PRODUCTS_DIR; };
		DEC3C8401CCEC4D40096181B /* Info.plist */ = {isa = PBXFileReference; lastKnownFileType = text.plist.xml; path = Info.plist; sourceTree = "<group>"; };
/* End PBXFileReference section */

/* Begin PBXFrameworksBuildPhase section */
		DEC3C83A1CCEC4D30096181B /* Frameworks */ = {
			isa = PBXFrameworksBuildPhase;
			buildActionMask = 2147483647;
			files = (
			);
			runOnlyForDeploymentPostprocessing = 0;
		};
/* End PBXFrameworksBuildPhase section */

/* Begin PBXGroup section */
		DEC3C82D1CCEC49A0096181B = {
			isa = PBXGroup;
			children = (
				DEC3C8341CCEC4BE0096181B /* Info.plist */,
				DEC3C8351CCEC4C30096181B /* scripts */,
				DEC3C83F1CCEC4D40096181B /* SQLEditorJSPlugin */,
				DEC3C83E1CCEC4D30096181B /* Products */,
			);
			sourceTree = "<group>";
		};
		DEC3C8351CCEC4C30096181B /* scripts */ = {
			isa = PBXGroup;
			children = (
				DEC3C8361CCEC4C30096181B /* handlebars-v3.0.3.js */,
				DEC3C8371CCEC4C30096181B /* report.js */,
				DEC3C8381CCEC4C30096181B /* report.template */,
			);
			name = scripts;
			path = ../source/scripts;
			sourceTree = "<group>";
		};
		DEC3C83E1CCEC4D30096181B /* Products */ = {
			isa = PBXGroup;
			children = (
				DEC3C83D1CCEC4D30096181B /* SQLEditorJSPlugin.bundle */,
			);
			name = Products;
			sourceTree = "<group>";
		};
		DEC3C83F1CCEC4D40096181B /* SQLEditorJSPlugin */ = {
			isa = PBXGroup;
			children = (
				DEC3C8401CCEC4D40096181B /* Info.plist */,
			);
			path = SQLEditorJSPlugin;
			sourceTree = "<group>";
		};
/* End PBXGroup section */

/* Begin PBXNativeTarget section */
		DEC3C83C1CCEC4D30096181B /* SQLEditorJSPlugin */ = {
			isa = PBXNativeTarget;
			buildConfigurationList = DEC3C8411CCEC4D40096181B /* Build configuration list for PBXNativeTarget "SQLEditorJSPlugin" */;
			buildPhases = (
				DEC3C8391CCEC4D30096181B /* Sources */,
				DEC3C83A1CCEC4D30096181B /* Frameworks */,
				DEC3C83B1CCEC4D30096181B /* Resources */,
			);
			buildRules = (
			);
			dependencies = (
			);
			name = SQLEditorJSPlugin;
			productName = SQLEditorJSPlugin;
			productReference = DEC3C83D1CCEC4D30096181B /* SQLEditorJSPlugin.bundle */;
			productType = "com.apple.product-type.bundle";
		};
/* End PBXNativeTarget section */

/* Begin PBXProject section */
		DEC3C82E1CCEC49B0096181B /* Project object */ = {
			isa = PBXProject;
			attributes = {
				LastUpgradeCheck = 0710;
				TargetAttributes = {
					DEC3C83C1CCEC4D30096181B = {
						CreatedOnToolsVersion = 7.1.1;
					};
				};
			};
			buildConfigurationList = DEC3C8311CCEC49B0096181B /* Build configuration list for PBXProject "SQLEditorJSPlugin" */;
			compatibilityVersion = "Xcode 3.2";
			developmentRegion = English;
			hasScannedForEncodings = 0;
			knownRegions = (
				en,
			);
			mainGroup = DEC3C82D1CCEC49A0096181B;
			productRefGroup = DEC3C83E1CCEC4D30096181B /* Products */;
			projectDirPath = "";
			projectRoot = "";
			targets = (
				DEC3C83C1CCEC4D30096181B /* SQLEditorJSPlugin */,
			);
		};
/* End PBXProject section */

/* Begin PBXResourcesBuildPhase section */
		DEC3C83B1CCEC4D30096181B /* Resources */ = {
			isa = PBXResourcesBuildPhase;
			buildActionMask = 2147483647;
			files = (
				DEC3C8451CCEC5930096181B /* report.js in Resources */,
				DEC3C8461CCEC5930096181B /* report.template in Resources */,
				DEC3C8441CCEC5930096181B /* handlebars-v3.0.3.js in Resources */,
			);
			runOnlyForDeploymentPostprocessing = 0;
		};
/* End PBXResourcesBuildPhase section */

/* Begin PBXSourcesBuildPhase section */
		DEC3C8391CCEC4D30096181B /* Sources */ = {
			isa = PBXSourcesBuildPhase;
			buildActionMask = 2147483647;
			files = (
			);
			runOnlyForDeploymentPostprocessing = 0;
		};
/* End PBXSourcesBuildPhase section */

/* Begin XCBuildConfiguration section */
		DEC3C8321CCEC49B0096181B /* Debug */ = {
			isa = XCBuildConfiguration;
			buildSettings = {
			};
			name = Debug;
		};
		DEC3C8331CCEC49B0096181B /* Release */ = {
			isa = XCBuildConfiguration;
			buildSettings = {
			};
			name = Release;
		};
		DEC3C8421CCEC4D40096181B /* Debug */ = {
			isa = XCBuildConfiguration;
			buildSettings = {
				ALWAYS_SEARCH_USER_PATHS = NO;
				CLANG_CXX_LANGUAGE_STANDARD = "gnu++0x";
				CLANG_CXX_LIBRARY = "libc++";
				CLANG_ENABLE_MODULES = YES;
				CLANG_ENABLE_OBJC_ARC = YES;
				CLANG_WARN_BOOL_CONVERSION = YES;
				CLANG_WARN_CONSTANT_CONVERSION = YES;
				CLANG_WARN_DIRECT_OBJC_ISA_USAGE = YES_ERROR;
				CLANG_WARN_EMPTY_BODY = YES;
				CLANG_WARN_ENUM_CONVERSION = YES;
				CLANG_WARN_INT_CONVERSION = YES;
				CLANG_WARN_OBJC_ROOT_CLASS = YES_ERROR;
				CLANG_WARN_UNREACHABLE_CODE = YES;
				CLANG_WARN__DUPLICATE_METHOD_MATCH = YES;
				CODE_SIGN_IDENTITY = "";
				COMBINE_HIDPI_IMAGES = YES;
				COPY_PHASE_STRIP = NO;
				DEBUG_INFORMATION_FORMAT = dwarf;
				ENABLE_STRICT_OBJC_MSGSEND = YES;
				ENABLE_TESTABILITY = YES;
				GCC_C_LANGUAGE_STANDARD = gnu99;
				GCC_DYNAMIC_NO_PIC = NO;
				GCC_NO_COMMON_BLOCKS = YES;
				GCC_OPTIMIZATION_LEVEL = 0;
				GCC_PREPROCESSOR_DEFINITIONS = (
					"DEBUG=1",
					"$(inherited)",
				);
				GCC_WARN_64_TO_32_BIT_CONVERSION = YES;
				GCC_WARN_ABOUT_RETURN_TYPE = YES_ERROR;
				GCC_WARN_UNDECLARED_SELECTOR = YES;
				GCC_WARN_UNINITIALIZED_AUTOS = YES_AGGRESSIVE;
				GCC_WARN_UNUSED_FUNCTION = YES;
				GCC_WARN_UNUSED_VARIABLE = YES;
				INFOPLIST_FILE = SQLEditorJSPlugin/Info.plist;
				INSTALL_PATH = "$(LOCAL_LIBRARY_DIR)/Bundles";
				MACOSX_DEPLOYMENT_TARGET = 10.11;
				MTL_ENABLE_DEBUG_INFO = YES;
				ONLY_ACTIVE_ARCH = YES;
				PRODUCT_BUNDLE_IDENTIFIER = com.malcolmhardie.SQLEditorJSPlugin;
				PRODUCT_NAME = "$(TARGET_NAME)";
				SDKROOT = macosx;
				SKIP_INSTALL = YES;
				WRAPPER_EXTENSION = bundle;
			};
			name = Debug;
		};
		DEC3C8431CCEC4D40096181B /* Release */ = {
			isa = XCBuildConfiguration;
			buildSettings = {
				ALWAYS_SEARCH_USER_PATHS = NO;
				CLANG_CXX_LANGUAGE_STANDARD = "gnu++0x";
				CLANG_CXX_LIBRARY = "libc++";
				CLANG_ENABLE_MODULES = YES;
				CLANG_ENABLE_OBJC_ARC = YES;
				CLANG_WARN_BOOL_CONVERSION = YES;
				CLANG_WARN_CONSTANT_CONVERSION = YES;
				CLANG_WARN_DIRECT_OBJC_ISA_USAGE = YES_ERROR;
				CLANG_WARN_EMPTY_BODY = YES;
				CLANG_WARN_ENUM_CONVERSION = YES;
				CLANG_WARN_INT_CONVERSION = YES;
				CLANG_WARN_OBJC_ROOT_CLASS = YES_ERROR;
				CLANG_WARN_UNREACHABLE_CODE = YES;
				CLANG_WARN__DUPLICATE_METHOD_MATCH = YES;
				CODE_SIGN_IDENTITY = "";
				COMBINE_HIDPI_IMAGES = YES;
				COPY_PHASE_STRIP = NO;
				DEBUG_INFORMATION_FORMAT = "dwarf-with-dsym";
				ENABLE_NS_ASSERTIONS = NO;
				ENABLE_STRICT_OBJC_MSGSEND = YES;
				GCC_C_LANGUAGE_STANDARD = gnu99;
				GCC_NO_COMMON_BLOCKS = YES;
				GCC_WARN_64_TO_32_BIT_CONVERSION = YES;
				GCC_WARN_ABOUT_RETURN_TYPE = YES_ERROR;
				GCC_WARN_UNDECLARED_SELECTOR = YES;
				GCC_WARN_UNINITIALIZED_AUTOS = YES_AGGRESSIVE;
				GCC_WARN_UNUSED_FUNCTION = YES;
				GCC_WARN_UNUSED_VARIABLE = YES;
				INFOPLIST_FILE = SQLEditorJSPlugin/Info.plist;
				INSTALL_PATH = "$(LOCAL_LIBRARY_DIR)/Bundles";
				MACOSX_DEPLOYMENT_TARGET = 10.11;
				MTL_ENABLE_DEBUG_INFO = NO;
				PRODUCT_BUNDLE_IDENTIFIER = com.malcolmhardie.SQLEditorJSPlugin;
				PRODUCT_NAME = "$(TARGET_NAME)";
				SDKROOT = macosx;
				SKIP_INSTALL = YES;
				WRAPPER_EXTENSION = bundle;
			};
			name = Release;
		};
/* End XCBuildConfiguration section */

/* Begin XCConfigurationList section */
		DEC3C8311CCEC49B0096181B /* Build configuration list for PBXProject "SQLEditorJSPlugin" */ = {
			isa = XCConfigurationList;
			buildConfigurations = (
				DEC3C8321CCEC49B0096181B /* Debug */,
				DEC3C8331CCEC49B0096181B /* Release */,
			);
			defaultConfigurationIsVisible = 0;
			defaultConfigurationName = Release;
		};
		DEC3C8411CCEC4D40096181B /* Build configuration list for PBXNativeTarget "SQLEditorJSPlugin" */ = {
			isa = XCConfigurationList;
			buildConfigurations = (
				DEC3C8421CCEC4D40096181B /* Debug */,
				DEC3C8431CCEC4D40096181B /* Release */,
			);
			defaultConfigurationIsVisible = 0;
		};
/* End XCConfigurationList section */
	};
	rootObject = DEC3C82E1CCEC49B0096181B /* Project object */;
}
